
Microsoft Visual Studio Solution File, Format Version 12.00
# Visual Studio 15
Project("{FAE04EC0-301F-11D3-BF4B-00C04F79EFBC}") = "Sidekick", "Sidekick\Sidekick.csproj", "{53FFA541-304C-4EE9-91FF-11DC1EFE23E9}"
EndProject
Project("{FAE04EC0-301F-11D3-BF4B-00C04F79EFBC}") = "Sidekick.Core", "Sidekick.Core\Sidekick.Core.csproj", "{5FCDCC7C-FEFB-4610-805A-2191011843CC}"
EndProject
Global
	GlobalSection(SolutionConfigurationPlatforms) = preSolution
		Debug|Any CPU = Debug|Any CPU
		Release|Any CPU = Release|Any CPU
	EndGlobalSection
	GlobalSection(ProjectConfigurationPlatforms) = postSolution
		{53FFA541-304C-4EE9-91FF-11DC1EFE23E9}.Debug|Any CPU.ActiveCfg = Debug|Any CPU
		{53FFA541-304C-4EE9-91FF-11DC1EFE23E9}.Debug|Any CPU.Build.0 = Debug|Any CPU
		{53FFA541-304C-4EE9-91FF-11DC1EFE23E9}.Release|Any CPU.ActiveCfg = Release|Any CPU
		{53FFA541-304C-4EE9-91FF-11DC1EFE23E9}.Release|Any CPU.Build.0 = Release|Any CPU
		{5FCDCC7C-FEFB-4610-805A-2191011843CC}.Debug|Any CPU.ActiveCfg = Debug|Any CPU
		{5FCDCC7C-FEFB-4610-805A-2191011843CC}.Debug|Any CPU.Build.0 = Debug|Any CPU
		{5FCDCC7C-FEFB-4610-805A-2191011843CC}.Release|Any CPU.ActiveCfg = Release|Any CPU
		{5FCDCC7C-FEFB-4610-805A-2191011843CC}.Release|Any CPU.Build.0 = Release|Any CPU
	EndGlobalSection
EndGlobal
